
Microsoft Visual Studio Solution File, Format Version 12.00
# Visual Studio Version 16
VisualStudioVersion = 16.0.30709.132
MinimumVisualStudioVersion = 10.0.40219.1
Project("{9A19103F-16F7-4668-BE54-9A1E7A4F7556}") = "BookATable", "BookATable.csproj", "{6C72F5CB-BD09-479B-A535-8CF6D3934D31}"
EndProject
Project("{FAE04EC0-301F-11D3-BF4B-00C04F79EFBC}") = "BookATable.Common", "..\BookATable.Common\BookATable.Common.csproj", "{3B26116F-C38C-44C1-95BA-833A22C0F503}"
EndProject
Global
	GlobalSection(SolutionConfigurationPlatforms) = preSolution
		Debug|Any CPU = Debug|Any CPU
		Release|Any CPU = Release|Any CPU
	EndGlobalSection
	GlobalSection(ProjectConfigurationPlatforms) = postSolution
		{6C72F5CB-BD09-479B-A535-8CF6D3934D31}.Debug|Any CPU.ActiveCfg = Debug|Any CPU
		{6C72F5CB-BD09-479B-A535-8CF6D3934D31}.Debug|Any CPU.Build.0 = Debug|Any CPU
		{6C72F5CB-BD09-479B-A535-8CF6D3934D31}.Release|Any CPU.ActiveCfg = Release|Any CPU
		{6C72F5CB-BD09-479B-A535-8CF6D3934D31}.Release|Any CPU.Build.0 = Release|Any CPU
		{3B26116F-C38C-44C1-95BA-833A22C0F503}.Debug|Any CPU.ActiveCfg = Debug|Any CPU
		{3B26116F-C38C-44C1-95BA-833A22C0F503}.Debug|Any CPU.Build.0 = Debug|Any CPU
		{3B26116F-C38C-44C1-95BA-833A22C0F503}.Release|Any CPU.ActiveCfg = Release|Any CPU
		{3B26116F-C38C-44C1-95BA-833A22C0F503}.Release|Any CPU.Build.0 = Release|Any CPU
	EndGlobalSection
	GlobalSection(SolutionProperties) = preSolution
		HideSolutionNode = FALSE
	EndGlobalSection
	GlobalSection(ExtensibilityGlobals) = postSolution
		SolutionGuid = {03FE627F-DB9E-442C-868D-17DCF0AA9AFF}
	EndGlobalSection
EndGlobal
